
Microsoft Visual Studio Solution File, Format Version 12.00
# Visual Studio 15
Project("{FAE04EC0-301F-11D3-BF4B-00C04F79EFBC}") = "Assembly-CSharp", "Assembly-CSharp.csproj", "{E0EFAE04-D5CA-DE18-55D3-1D4CA51E5FDC}"
EndProject
Project("{FAE04EC0-301F-11D3-BF4B-00C04F79EFBC}") = "Assembly-CSharp-Editor", "Assembly-CSharp-Editor.csproj", "{F1F999F2-603D-7284-9DEE-00896C88811B}"
EndProject
Global
	GlobalSection(SolutionConfigurationPlatforms) = preSolution
		Debug|Any CPU = Debug|Any CPU
		Release|Any CPU = Release|Any CPU
	EndGlobalSection
	GlobalSection(ProjectConfigurationPlatforms) = postSolution
		{E0EFAE04-D5CA-DE18-55D3-1D4CA51E5FDC}.Debug|Any CPU.ActiveCfg = Debug|Any CPU
		{E0EFAE04-D5CA-DE18-55D3-1D4CA51E5FDC}.Debug|Any CPU.Build.0 = Debug|Any CPU
		{E0EFAE04-D5CA-DE18-55D3-1D4CA51E5FDC}.Release|Any CPU.ActiveCfg = Release|Any CPU
		{E0EFAE04-D5CA-DE18-55D3-1D4CA51E5FDC}.Release|Any CPU.Build.0 = Release|Any CPU
		{F1F999F2-603D-7284-9DEE-00896C88811B}.Debug|Any CPU.ActiveCfg = Debug|Any CPU
		{F1F999F2-603D-7284-9DEE-00896C88811B}.Debug|Any CPU.Build.0 = Debug|Any CPU
		{F1F999F2-603D-7284-9DEE-00896C88811B}.Release|Any CPU.ActiveCfg = Release|Any CPU
		{F1F999F2-603D-7284-9DEE-00896C88811B}.Release|Any CPU.Build.0 = Release|Any CPU
	EndGlobalSection
	GlobalSection(SolutionProperties) = preSolution
		HideSolutionNode = FALSE
	EndGlobalSection
EndGlobal
